{
	"requires": true,
	"lockfileVersion": 1,
	"dependencies": {
		"perf_hooks": {
			"version": "0.0.1",
			"resolved": "https://registry.npmjs.org/perf_hooks/-/perf_hooks-0.0.1.tgz",
			"integrity": "sha512-qG/D9iA4KDme+KF4vCObJy6Bouu3BlQnmJ8jPydVPm32NJBD9ZK1ZNgXSYaZKHkVC1sKSqUiLgFvAZPUiIEnBw=="
		},
		"prettier": {
			"version": "2.0.5",
			"resolved": "https://registry.npmjs.org/prettier/-/prettier-2.0.5.tgz",
			"integrity": "sha512-7PtVymN48hGcO4fGjybyBSIWDsLU4H4XlvOHfq91pz9kkGlonzwTfYkaIEwiRg/dAJF9YlbsduBAgtYLi+8cFg==",
			"dev": true
		}
	}
}
